
Microsoft Visual Studio Solution File, Format Version 12.00
# Visual Studio 14
VisualStudioVersion = 14.0.25420.1
MinimumVisualStudioVersion = 10.0.40219.1
Project("{FAE04EC0-301F-11D3-BF4B-00C04F79EFBC}") = "WebApplication_UI", "WebApplication_UI\WebApplication_UI.csproj", "{724BFB06-DEB8-404A-8E60-6DCC3662A432}"
EndProject
Project("{FAE04EC0-301F-11D3-BF4B-00C04F79EFBC}") = "WebApplication_UI.Tests", "WebApplication_UI.Tests\WebApplication_UI.Tests.csproj", "{57111A39-B0D3-4B81-A238-162EF2F7B2DA}"
EndProject
Global
	GlobalSection(SolutionConfigurationPlatforms) = preSolution
		Debug|Any CPU = Debug|Any CPU
		Release|Any CPU = Release|Any CPU
	EndGlobalSection
	GlobalSection(ProjectConfigurationPlatforms) = postSolution
		{724BFB06-DEB8-404A-8E60-6DCC3662A432}.Debug|Any CPU.ActiveCfg = Debug|Any CPU
		{724BFB06-DEB8-404A-8E60-6DCC3662A432}.Debug|Any CPU.Build.0 = Debug|Any CPU
		{724BFB06-DEB8-404A-8E60-6DCC3662A432}.Release|Any CPU.ActiveCfg = Release|Any CPU
		{724BFB06-DEB8-404A-8E60-6DCC3662A432}.Release|Any CPU.Build.0 = Release|Any CPU
		{57111A39-B0D3-4B81-A238-162EF2F7B2DA}.Debug|Any CPU.ActiveCfg = Debug|Any CPU
		{57111A39-B0D3-4B81-A238-162EF2F7B2DA}.Debug|Any CPU.Build.0 = Debug|Any CPU
		{57111A39-B0D3-4B81-A238-162EF2F7B2DA}.Release|Any CPU.ActiveCfg = Release|Any CPU
		{57111A39-B0D3-4B81-A238-162EF2F7B2DA}.Release|Any CPU.Build.0 = Release|Any CPU
	EndGlobalSection
	GlobalSection(SolutionProperties) = preSolution
		HideSolutionNode = FALSE
	EndGlobalSection
EndGlobal
